
Microsoft Visual Studio Solution File, Format Version 12.00
# Visual Studio Version 16
VisualStudioVersion = 16.0.33214.272
MinimumVisualStudioVersion = 10.0.40219.1
Project("{FAE04EC0-301F-11D3-BF4B-00C04F79EFBC}") = "zad10", "zad10\zad10.csproj", "{4F8D9BFB-F012-4B7C-A1A7-732367421122}"
EndProject
Global
	GlobalSection(SolutionConfigurationPlatforms) = preSolution
		Debug|Any CPU = Debug|Any CPU
		Release|Any CPU = Release|Any CPU
	EndGlobalSection
	GlobalSection(ProjectConfigurationPlatforms) = postSolution
		{4F8D9BFB-F012-4B7C-A1A7-732367421122}.Debug|Any CPU.ActiveCfg = Debug|Any CPU
		{4F8D9BFB-F012-4B7C-A1A7-732367421122}.Debug|Any CPU.Build.0 = Debug|Any CPU
		{4F8D9BFB-F012-4B7C-A1A7-732367421122}.Release|Any CPU.ActiveCfg = Release|Any CPU
		{4F8D9BFB-F012-4B7C-A1A7-732367421122}.Release|Any CPU.Build.0 = Release|Any CPU
	EndGlobalSection
	GlobalSection(SolutionProperties) = preSolution
		HideSolutionNode = FALSE
	EndGlobalSection
	GlobalSection(ExtensibilityGlobals) = postSolution
		SolutionGuid = {BA4C16B1-AA39-430D-BDB1-F444E5D21B01}
	EndGlobalSection
EndGlobal
